
Microsoft Visual Studio Solution File, Format Version 12.00
# Visual Studio Version 17
VisualStudioVersion = 17.5.002.0
MinimumVisualStudioVersion = 10.0.40219.1
Project("{2150E333-8FDC-42A3-9474-1A3956D46DE8}") = "src", "src", "{E77DC23F-09A4-4614-B68E-1DC1B2989260}"
EndProject
Project("{9A19103F-16F7-4668-BE54-9A1E7A4F7556}") = "MinitrainHobbyist", "src\MinitrainHobbyist\MinitrainHobbyist.csproj", "{AEF59340-7791-4EFC-9791-A8960EDFBFAA}"
EndProject
Global
	GlobalSection(SolutionConfigurationPlatforms) = preSolution
		Debug|Any CPU = Debug|Any CPU
		Release|Any CPU = Release|Any CPU
	EndGlobalSection
	GlobalSection(ProjectConfigurationPlatforms) = postSolution
		{AEF59340-7791-4EFC-9791-A8960EDFBFAA}.Debug|Any CPU.ActiveCfg = Debug|Any CPU
		{AEF59340-7791-4EFC-9791-A8960EDFBFAA}.Debug|Any CPU.Build.0 = Debug|Any CPU
		{AEF59340-7791-4EFC-9791-A8960EDFBFAA}.Release|Any CPU.ActiveCfg = Release|Any CPU
		{AEF59340-7791-4EFC-9791-A8960EDFBFAA}.Release|Any CPU.Build.0 = Release|Any CPU
	EndGlobalSection
	GlobalSection(SolutionProperties) = preSolution
		HideSolutionNode = FALSE
	EndGlobalSection
	GlobalSection(NestedProjects) = preSolution
		{AEF59340-7791-4EFC-9791-A8960EDFBFAA} = {E77DC23F-09A4-4614-B68E-1DC1B2989260}
	EndGlobalSection
	GlobalSection(ExtensibilityGlobals) = postSolution
		SolutionGuid = {92F6D475-68F0-44D6-A1AF-A28F5948E381}
	EndGlobalSection
EndGlobal
